
Microsoft Visual Studio Solution File, Format Version 12.00
# Visual Studio Version 17
VisualStudioVersion = 17.7.34221.43
MinimumVisualStudioVersion = 10.0.40219.1
Project("{54A90642-561A-4BB1-A94E-469ADEE60C69}") = "angularapp", "angularapp\angularapp.esproj", "{2D4D7E16-9607-4834-B036-D57311640B2F}"
EndProject
Project("{9A19103F-16F7-4668-BE54-9A1E7A4F7556}") = "webapi", "webapi\webapi.csproj", "{9C8F7CE5-B9A2-41FC-9F57-33C3925A10F1}"
EndProject
Project("{9A19103F-16F7-4668-BE54-9A1E7A4F7556}") = "webapiTests", "webapiTests\webapiTests.csproj", "{61932732-04C7-4D4E-B1D6-A97F98E204A6}"
EndProject
Project("{FAE04EC0-301F-11D3-BF4B-00C04F79EFBC}") = "TestHarness", "TestHarness\TestHarness.csproj", "{F528DD99-2A78-4D99-9F81-F9EFA052E139}"
EndProject
Global
	GlobalSection(SolutionConfigurationPlatforms) = preSolution
		Debug|Any CPU = Debug|Any CPU
		Release|Any CPU = Release|Any CPU
	EndGlobalSection
	GlobalSection(ProjectConfigurationPlatforms) = postSolution
		{2D4D7E16-9607-4834-B036-D57311640B2F}.Debug|Any CPU.ActiveCfg = Debug|Any CPU
		{2D4D7E16-9607-4834-B036-D57311640B2F}.Debug|Any CPU.Build.0 = Debug|Any CPU
		{2D4D7E16-9607-4834-B036-D57311640B2F}.Debug|Any CPU.Deploy.0 = Debug|Any CPU
		{2D4D7E16-9607-4834-B036-D57311640B2F}.Release|Any CPU.ActiveCfg = Release|Any CPU
		{2D4D7E16-9607-4834-B036-D57311640B2F}.Release|Any CPU.Build.0 = Release|Any CPU
		{2D4D7E16-9607-4834-B036-D57311640B2F}.Release|Any CPU.Deploy.0 = Release|Any CPU
		{9C8F7CE5-B9A2-41FC-9F57-33C3925A10F1}.Debug|Any CPU.ActiveCfg = Debug|Any CPU
		{9C8F7CE5-B9A2-41FC-9F57-33C3925A10F1}.Debug|Any CPU.Build.0 = Debug|Any CPU
		{9C8F7CE5-B9A2-41FC-9F57-33C3925A10F1}.Release|Any CPU.ActiveCfg = Release|Any CPU
		{9C8F7CE5-B9A2-41FC-9F57-33C3925A10F1}.Release|Any CPU.Build.0 = Release|Any CPU
		{61932732-04C7-4D4E-B1D6-A97F98E204A6}.Debug|Any CPU.ActiveCfg = Debug|Any CPU
		{61932732-04C7-4D4E-B1D6-A97F98E204A6}.Debug|Any CPU.Build.0 = Debug|Any CPU
		{61932732-04C7-4D4E-B1D6-A97F98E204A6}.Release|Any CPU.ActiveCfg = Release|Any CPU
		{61932732-04C7-4D4E-B1D6-A97F98E204A6}.Release|Any CPU.Build.0 = Release|Any CPU
		{F528DD99-2A78-4D99-9F81-F9EFA052E139}.Debug|Any CPU.ActiveCfg = Debug|Any CPU
		{F528DD99-2A78-4D99-9F81-F9EFA052E139}.Debug|Any CPU.Build.0 = Debug|Any CPU
		{F528DD99-2A78-4D99-9F81-F9EFA052E139}.Release|Any CPU.ActiveCfg = Release|Any CPU
		{F528DD99-2A78-4D99-9F81-F9EFA052E139}.Release|Any CPU.Build.0 = Release|Any CPU
	EndGlobalSection
	GlobalSection(SolutionProperties) = preSolution
		HideSolutionNode = FALSE
	EndGlobalSection
	GlobalSection(ExtensibilityGlobals) = postSolution
		SolutionGuid = {5294DDAA-8DB5-43C5-8357-CD4F6D0136F4}
	EndGlobalSection
EndGlobal
