
Microsoft Visual Studio Solution File, Format Version 12.00
# Visual Studio Version 17
VisualStudioVersion = 17.10.34916.146
MinimumVisualStudioVersion = 10.0.40219.1
Project("{9A19103F-16F7-4668-BE54-9A1E7A4F7556}") = "at.UI.Server", "at.UI.Server\at.UI.Server.csproj", "{1FC0B1C2-36A1-4F78-869E-4D1C8CF88D98}"
EndProject
Project("{54A90642-561A-4BB1-A94E-469ADEE60C69}") = "at.ui.client", "at.ui.client\at.ui.client.esproj", "{5675ACF5-6ACF-455E-9D7B-0FA24CE9AD7A}"
EndProject
Project("{FAE04EC0-301F-11D3-BF4B-00C04F79EFBC}") = "at.Models", "at.Models\at.Models.csproj", "{A3524CF5-147D-4565-9933-5ACE9498305A}"
EndProject
Project("{FAE04EC0-301F-11D3-BF4B-00C04F79EFBC}") = "at.Console", "at.Console\at.Console.csproj", "{F231B017-8DBA-46F4-B928-FD1F211F5506}"
EndProject
Global
	GlobalSection(SolutionConfigurationPlatforms) = preSolution
		Debug|Any CPU = Debug|Any CPU
		Release|Any CPU = Release|Any CPU
	EndGlobalSection
	GlobalSection(ProjectConfigurationPlatforms) = postSolution
		{1FC0B1C2-36A1-4F78-869E-4D1C8CF88D98}.Debug|Any CPU.ActiveCfg = Debug|Any CPU
		{1FC0B1C2-36A1-4F78-869E-4D1C8CF88D98}.Debug|Any CPU.Build.0 = Debug|Any CPU
		{1FC0B1C2-36A1-4F78-869E-4D1C8CF88D98}.Release|Any CPU.ActiveCfg = Release|Any CPU
		{1FC0B1C2-36A1-4F78-869E-4D1C8CF88D98}.Release|Any CPU.Build.0 = Release|Any CPU
		{5675ACF5-6ACF-455E-9D7B-0FA24CE9AD7A}.Debug|Any CPU.ActiveCfg = Debug|Any CPU
		{5675ACF5-6ACF-455E-9D7B-0FA24CE9AD7A}.Debug|Any CPU.Build.0 = Debug|Any CPU
		{5675ACF5-6ACF-455E-9D7B-0FA24CE9AD7A}.Debug|Any CPU.Deploy.0 = Debug|Any CPU
		{5675ACF5-6ACF-455E-9D7B-0FA24CE9AD7A}.Release|Any CPU.ActiveCfg = Release|Any CPU
		{5675ACF5-6ACF-455E-9D7B-0FA24CE9AD7A}.Release|Any CPU.Build.0 = Release|Any CPU
		{5675ACF5-6ACF-455E-9D7B-0FA24CE9AD7A}.Release|Any CPU.Deploy.0 = Release|Any CPU
		{A3524CF5-147D-4565-9933-5ACE9498305A}.Debug|Any CPU.ActiveCfg = Debug|Any CPU
		{A3524CF5-147D-4565-9933-5ACE9498305A}.Debug|Any CPU.Build.0 = Debug|Any CPU
		{A3524CF5-147D-4565-9933-5ACE9498305A}.Release|Any CPU.ActiveCfg = Release|Any CPU
		{A3524CF5-147D-4565-9933-5ACE9498305A}.Release|Any CPU.Build.0 = Release|Any CPU
		{F231B017-8DBA-46F4-B928-FD1F211F5506}.Debug|Any CPU.ActiveCfg = Debug|Any CPU
		{F231B017-8DBA-46F4-B928-FD1F211F5506}.Debug|Any CPU.Build.0 = Debug|Any CPU
		{F231B017-8DBA-46F4-B928-FD1F211F5506}.Release|Any CPU.ActiveCfg = Release|Any CPU
		{F231B017-8DBA-46F4-B928-FD1F211F5506}.Release|Any CPU.Build.0 = Release|Any CPU
	EndGlobalSection
	GlobalSection(SolutionProperties) = preSolution
		HideSolutionNode = FALSE
	EndGlobalSection
	GlobalSection(ExtensibilityGlobals) = postSolution
		SolutionGuid = {521F007E-C5FA-4922-B675-DC2F2E2B180E}
	EndGlobalSection
EndGlobal
